{
    "_meta": {
        "hash": {
            "sha256": "166d981ac2656903b44d5dff3e615622870e132372fe22b744ca8c5eadd6ab51"
        },
        "pipfile-spec": 6,
        "requires": {
            "python_version": "3.7"
        },
        "sources": [
            {
                "name": "pypi",
                "url": "https://pypi.org/simple",
                "verify_ssl": true
            }
        ]
    },
    "default": {
        "aiofiles": {
            "hashes": [
                "sha256:021ea0ba314a86027c166ecc4b4c07f2d40fc0f4b3a950d1868a0f2571c2bbee",
                "sha256:1e644c2573f953664368de28d2aa4c89dfd64550429d0c27c4680ccd3aa4985d"
            ],
            "version": "==0.4.0"
        },
        "alabaster": {
            "hashes": [
                "sha256:674bb3bab080f598371f4443c5008cbfeb1a5e622dd312395d2d82af2c54c456",
                "sha256:b63b1f4dc77c074d386752ec4a8a7517600f6c0db8cd42980cae17ab7b3275d7"
            ],
            "version": "==0.7.11"
        },
        "asn1crypto": {
            "hashes": [
                "sha256:2f1adbb7546ed199e3c90ef23ec95c5cf3585bac7d11fb7eb562a3fe89c64e87",
                "sha256:9d5c20441baf0cb60a4ac34cc447c6c189024b6b4c6cd7877034f4965c464e49"
            ],
            "version": "==0.24.0"
        },
        "beaker": {
            "hashes": [
                "sha256:6072892918225f5a055413082f2ff285f3ebca6a3873a0d6e163253ba83f0450"
            ],
            "version": "==1.10.0"
        },
        "blinker": {
            "hashes": [
                "sha256:471aee25f3992bd325afa3772f1063dbdbbca947a041b8b89466dc00d606f8b6"
            ],
            "index": "pypi",
            "version": "==1.4"
        },
        "certifi": {
            "hashes": [
                "sha256:376690d6f16d32f9d1fe8932551d80b23e9d393a8578c5633a2ed39a64861638",
                "sha256:456048c7e371c089d0a77a5212fb37a2c2dce1e24146e3b7e0261736aaeaa22a"
            ],
            "version": "==2018.8.24"
        },
        "cffi": {
            "hashes": [
                "sha256:151b7eefd035c56b2b2e1eb9963c90c6302dc15fbd8c1c0a83a163ff2c7d7743",
                "sha256:1553d1e99f035ace1c0544050622b7bc963374a00c467edafac50ad7bd276aef",
                "sha256:1b0493c091a1898f1136e3f4f991a784437fac3673780ff9de3bcf46c80b6b50",
                "sha256:2ba8a45822b7aee805ab49abfe7eec16b90587f7f26df20c71dd89e45a97076f",
                "sha256:3bb6bd7266598f318063e584378b8e27c67de998a43362e8fce664c54ee52d30",
                "sha256:3c85641778460581c42924384f5e68076d724ceac0f267d66c757f7535069c93",
                "sha256:3eb6434197633b7748cea30bf0ba9f66727cdce45117a712b29a443943733257",
                "sha256:495c5c2d43bf6cebe0178eb3e88f9c4aa48d8934aa6e3cddb865c058da76756b",
                "sha256:4c91af6e967c2015729d3e69c2e51d92f9898c330d6a851bf8f121236f3defd3",
                "sha256:57b2533356cb2d8fac1555815929f7f5f14d68ac77b085d2326b571310f34f6e",
                "sha256:770f3782b31f50b68627e22f91cb182c48c47c02eb405fd689472aa7b7aa16dc",
                "sha256:79f9b6f7c46ae1f8ded75f68cf8ad50e5729ed4d590c74840471fc2823457d04",
                "sha256:7a33145e04d44ce95bcd71e522b478d282ad0eafaf34fe1ec5bbd73e662f22b6",
                "sha256:857959354ae3a6fa3da6651b966d13b0a8bed6bbc87a0de7b38a549db1d2a359",
                "sha256:87f37fe5130574ff76c17cab61e7d2538a16f843bb7bca8ebbc4b12de3078596",
                "sha256:95d5251e4b5ca00061f9d9f3d6fe537247e145a8524ae9fd30a2f8fbce993b5b",
                "sha256:9d1d3e63a4afdc29bd76ce6aa9d58c771cd1599fbba8cf5057e7860b203710dd",
                "sha256:a36c5c154f9d42ec176e6e620cb0dd275744aa1d804786a71ac37dc3661a5e95",
                "sha256:a6a5cb8809091ec9ac03edde9304b3ad82ad4466333432b16d78ef40e0cce0d5",
                "sha256:ae5e35a2c189d397b91034642cb0eab0e346f776ec2eb44a49a459e6615d6e2e",
                "sha256:b0f7d4a3df8f06cf49f9f121bead236e328074de6449866515cea4907bbc63d6",
                "sha256:b75110fb114fa366b29a027d0c9be3709579602ae111ff61674d28c93606acca",
                "sha256:ba5e697569f84b13640c9e193170e89c13c6244c24400fc57e88724ef610cd31",
                "sha256:be2a9b390f77fd7676d80bc3cdc4f8edb940d8c198ed2d8c0be1319018c778e1",
                "sha256:ca1bd81f40adc59011f58159e4aa6445fc585a32bb8ac9badf7a2c1aa23822f2",
                "sha256:d5d8555d9bfc3f02385c1c37e9f998e2011f0db4f90e250e5bc0c0a85a813085",
                "sha256:e55e22ac0a30023426564b1059b035973ec82186ddddbac867078435801c7801",
                "sha256:e90f17980e6ab0f3c2f3730e56d1fe9bcba1891eeea58966e89d352492cc74f4",
                "sha256:ecbb7b01409e9b782df5ded849c178a0aa7c906cf8c5a67368047daab282b184",
                "sha256:ed01918d545a38998bfa5902c7c00e0fee90e957ce036a4000a88e3fe2264917",
                "sha256:edabd457cd23a02965166026fd9bfd196f4324fe6032e866d0f3bd0301cd486f",
                "sha256:fdf1c1dc5bafc32bc5d08b054f94d659422b05aba244d6be4ddc1c72d9aa70fb"
            ],
            "version": "==1.11.5"
        },
        "chardet": {
            "hashes": [
                "sha256:84ab92ed1c4d4f16916e05906b6b75a6c0fb5db821cc65e70cbd64a3e2a5eaae",
                "sha256:fc323ffcaeaed0e0a02bf4d117757b98aed530d9ed4531e3e15460124c106691"
            ],
            "version": "==3.0.4"
        },
        "click": {
            "hashes": [
                "sha256:29f99fc6125fbc931b758dc053b3114e55c77a6e4c6c3a2674a2dc986016381d",
                "sha256:f15516df478d5a56180fbf80e68f206010e6d160fc39fa508b65e035fd75130b"
            ],
            "version": "==6.7"
        },
        "cryptography": {
            "hashes": [
                "sha256:02602e1672b62e803e08617ec286041cc453e8d43f093a5f4162095506bc0beb",
                "sha256:10b48e848e1edb93c1d3b797c83c72b4c387ab0eb4330aaa26da8049a6cbede0",
                "sha256:17db09db9d7c5de130023657be42689d1a5f60502a14f6f745f6f65a6b8195c0",
                "sha256:227da3a896df1106b1a69b1e319dce218fa04395e8cc78be7e31ca94c21254bc",
                "sha256:2cbaa03ac677db6c821dac3f4cdfd1461a32d0615847eedbb0df54bb7802e1f7",
                "sha256:31db8febfc768e4b4bd826750a70c79c99ea423f4697d1dab764eb9f9f849519",
                "sha256:4a510d268e55e2e067715d728e4ca6cd26a8e9f1f3d174faf88e6f2cb6b6c395",
                "sha256:6a88d9004310a198c474d8a822ee96a6dd6c01efe66facdf17cb692512ae5bc0",
                "sha256:76936ec70a9b72eb8c58314c38c55a0336a2b36de0c7ee8fb874a4547cadbd39",
                "sha256:7e3b4aecc4040928efa8a7cdaf074e868af32c58ffc9bb77e7bf2c1a16783286",
                "sha256:8168bcb08403ef144ff1fb880d416f49e2728101d02aaadfe9645883222c0aa5",
                "sha256:8229ceb79a1792823d87779959184a1bf95768e9248c93ae9f97c7a2f60376a1",
                "sha256:8a19e9f2fe69f6a44a5c156968d9fc8df56d09798d0c6a34ccc373bb186cee86",
                "sha256:8d10113ca826a4c29d5b85b2c4e045ffa8bad74fb525ee0eceb1d38d4c70dfd6",
                "sha256:be495b8ec5a939a7605274b6e59fbc35e76f5ad814ae010eb679529671c9e119",
                "sha256:dc2d3f3b1548f4d11786616cf0f4415e25b0fbecb8a1d2cd8c07568f13fdde38",
                "sha256:e4aecdd9d5a3d06c337894c9a6e2961898d3f64fe54ca920a72234a3de0f9cb3",
                "sha256:e79ab4485b99eacb2166f3212218dd858258f374855e1568f728462b0e6ee0d9",
                "sha256:f995d3667301e1754c57b04e0bae6f0fa9d710697a9f8d6712e8cca02550910f"
            ],
            "version": "==2.3.1"
        },
        "future": {
            "hashes": [
                "sha256:e39ced1ab767b5936646cedba8bcce582398233d6a627067d4c6a454c90cfedb"
            ],
            "version": "==0.16.0"
        },
        "h11": {
            "hashes": [
                "sha256:1c0fbb1cba6f809fe3e6b27f8f6d517ca171f848922708871403636143d530d9",
                "sha256:af77d5d82fa027c032650fb8afdef3cd0a3735ba01480bee908cddad9be1bdce"
            ],
            "version": "==0.7.0"
        },
        "h2": {
            "hashes": [
                "sha256:4be613e35caad5680dc48f98f3bf4e7338c7c429e6375a5137be7fbe45219981",
                "sha256:b2962f883fa392a23cbfcc4ad03c335bcc661be0cf9627657b589f0df2206e64"
            ],
            "version": "==3.0.1"
        },
        "hpack": {
            "hashes": [
                "sha256:0edd79eda27a53ba5be2dfabf3b15780928a0dff6eb0c60a3d6767720e970c89",
                "sha256:8eec9c1f4bfae3408a3f30500261f7e6a65912dc138526ea054f9ad98892e9d2"
            ],
            "version": "==3.0.0"
        },
        "hypercorn": {
            "hashes": [
                "sha256:74390b2dfc3412a950b40cdc516afa49eaf943b9d604826c9260c3a108ce0878",
                "sha256:8d9e4fb9d41c9a3f37d007ba0be1c91d7b05e2fe0e6568ebfe04734f6d604ccc"
            ],
            "index": "pypi",
            "version": "==0.2.4"
        },
        "hyperframe": {
            "hashes": [
                "sha256:87567c9eb1540de1e7f48805adf00e87856409342fdebd0cd20cf5d381c38b69",
                "sha256:a25944539db36d6a2e47689e7915dcee562b3f8d10c6cdfa0d53c91ed692fb04"
            ],
            "version": "==5.1.0"
        },
        "idna": {
            "hashes": [
                "sha256:156a6814fb5ac1fc6850fb002e0852d56c0c8d2531923a51032d1b70760e186e",
                "sha256:684a38a6f903c1d71d6d5fac066b58d7768af4de2b832e426ec79c30daa94a16"
            ],
            "version": "==2.7"
        },
        "itsdangerous": {
            "hashes": [
                "sha256:cbb3fcf8d3e33df861709ecaf89d9e6629cff0a217bc2848f1b41cd30d360519"
            ],
            "version": "==0.24"
        },
        "jinja2": {
            "hashes": [
                "sha256:74c935a1b8bb9a3947c50a54766a969d4846290e1e788ea44c1392163723c3bd",
                "sha256:f84be1bb0040caca4cea721fcbbbbd61f9be9464ca236387158b0feea01914a4"
            ],
            "version": "==2.10"
        },
        "mako": {
            "hashes": [
                "sha256:4e02fde57bd4abb5ec400181e4c314f56ac3e49ba4fb8b0d50bba18cb27d25ae"
            ],
            "version": "==1.0.7"
        },
        "markupsafe": {
            "hashes": [
                "sha256:a6be69091dac236ea9c6bc7d012beab42010fa914c459791d627dad4910eb665"
            ],
            "version": "==1.0"
        },
        "multidict": {
            "hashes": [
                "sha256:1a1d76374a1e7fe93acef96b354a03c1d7f83e7512e225a527d283da0d7ba5e0",
                "sha256:1d6e191965505652f194bc4c40270a842922685918a4f45e6936a6b15cc5816d",
                "sha256:295961a6a88f1199e19968e15d9b42f3a191c89ec13034dbc212bf9c394c3c82",
                "sha256:2be5af084de6c3b8e20d6421cb0346378a9c867dcf7c86030d6b0b550f9888e4",
                "sha256:2eb99617c7a0e9f2b90b64bc1fb742611718618572747d6f3d6532b7b78755ab",
                "sha256:4ba654c6b5ad1ae4a4d792abeb695b29ce981bb0f157a41d0fd227b385f2bef0",
                "sha256:5ba766433c30d703f6b2c17eb0b6826c6f898e5f58d89373e235f07764952314",
                "sha256:a59d58ee85b11f337b54933e8d758b2356fcdcc493248e004c9c5e5d11eedbe4",
                "sha256:a6e35d28900cf87bcc11e6ca9e474db0099b78f0be0a41d95bef02d49101b5b2",
                "sha256:b4df7ca9c01018a51e43937eaa41f2f5dce17a6382fda0086403bcb1f5c2cf8e",
                "sha256:bbd5a6bffd3ba8bfe75b16b5e28af15265538e8be011b0b9fddc7d86a453fd4a",
                "sha256:d870f399fcd58a1889e93008762a3b9a27cf7ea512818fc6e689f59495648355",
                "sha256:e9404e2e19e901121c3c5c6cffd5a8ae0d1d67919c970e3b3262231175713068"
            ],
            "markers": "python_version >= '3.4.1'",
            "version": "==4.3.1"
        },
        "oic": {
            "hashes": [
                "sha256:b276b7072c6817680b54925e3a664d036415a00a524b6847a6bfe55f3135059f"
            ],
            "index": "pypi",
            "version": "==0.14.0"
        },
        "pycparser": {
            "hashes": [
                "sha256:99a8ca03e29851d96616ad0404b4aad7d9ee16f25c9f9708a11faf2810f7b226"
            ],
            "version": "==2.18"
        },
        "pycryptodomex": {
            "hashes": [
                "sha256:0cf562fc5e5ddbe935bb6162d84a7e46e19edba8ac6609587ab9e78dc7c527d4",
                "sha256:13b77b7a177a2fd0beb42db84b21d7d4ab646dfd223989a3b5fa6a6901075ae8",
                "sha256:1baf0d485853cfa8f87c969148dc040ae81a8de3dcaaeb07b3f40a90ab2ac637",
                "sha256:1dac67655206c92eabf827cc3c9f9efd35d699057f12185f01245b22e02db5f8",
                "sha256:1dc3abcb853e8b2188d0c8d624dbdc575a1f23ae82feb9a99e4a69b7064df81a",
                "sha256:24bf22fffba3a7c1132a039d95256ca9e5016798111c7bf7d0091bfddb0e0245",
                "sha256:26fde532deaed9781643be654b25fc899b97866b68e50bc015aadd442387c42b",
                "sha256:2958eceb671795ec4e5f2164e4ec5ddc1788fdf4f72b18390f548de5e11c9dcc",
                "sha256:34b3218fcdcd59c26de75c4ff8a15e6472e7b88f9e5b3b193cb1c001e7a0e815",
                "sha256:3f4d96cfa963960d190d3d6ef5e8f7c2c14815ff816999dff5efaa6bf7cd1134",
                "sha256:40063250911af6ec5b3ccc80108e7a3be9d1695dd3d17104a1930861cbdb78b7",
                "sha256:4b8669f4b3fa386696b9b0366e69898dd626b119eaead50ee3b2c59c56222272",
                "sha256:5144ad0df1009cce6d03b71c2e5843ed96be91ab746e58e8e64ef9bca5209bfe",
                "sha256:549d0a0884e60d876b975e18e791cf2aece077cb174f0d7d042982b5d36a6279",
                "sha256:5b365bc3da05fbc15acd6600d41f84fe8ed903400566bc0d1a0fadc862b41c8e",
                "sha256:6ab64112924be1905a22656166ec0eeeba275fb15c15adba6470bd030362e160",
                "sha256:a06e0e0965145cc0d625e1a031b49705aa2c6b4e16aa0044d4719fb1d639977f",
                "sha256:a472d2271cfb37940ad80c4698affeaf39552e4c19ceeac4d5290fe71519e3f4",
                "sha256:bfc315eef8cdae280e404df64cf71f8673abcc81e646699b15722f41b82a4ed7",
                "sha256:c1d4ea2382c1726ff65548f41dc79bd9d0345f3a47ba128768242eea470c6515",
                "sha256:c54d3d2e3b099dae61124d7476311ab594df7eeec305f612a5eb79226cf36b53",
                "sha256:d0d448484e161786922b41e112b5d7cf76ef5f0c725ea5107ef866bb14a38b12",
                "sha256:ddf10a2a071ae749158d8fdad0cbc78f6197219721afa91e0752dd999fddf422",
                "sha256:e0cc6ec20e6dfce1a6715ce60d71df3e9491461d525980821f71223026950b0e",
                "sha256:e5fcb23f936912b6cfb475c7b115aa2e31b7fed409bc947c6190503d9f7d0338",
                "sha256:e76d0148ffa5b86f1bcb111bd3950bc61fd50bed8b6b1cf9f5e56784378b55b6",
                "sha256:ea09a059e4cf3d99a446f0a80ac9be54802542226cdbf8ffeea79a6ddc77f310",
                "sha256:f5844faf085ad3d92fb94d07347c69f193c0bd1f32843329c2a422addeb042c9",
                "sha256:f8478a443bb747c2ef1d508a09eeb57ff8c2ebbd8ea0e6e2351d483c23e725b3",
                "sha256:ff31cb6cd69c6683bd44e99bc4f36cb74a338cee58a3a9c5c19a8ee4bdd2f3b2"
            ],
            "version": "==3.6.6"
        },
        "pyjwkest": {
            "hashes": [
                "sha256:128e3c81d02993ac4cd7e29ef7aac767d91daa59380e6883ae589092945e4aad"
            ],
            "markers": "python_version < '4' and python_version != '3.0.*' and python_version != '3.2.*' and python_version != '3.3.*' and python_version >= '2.6' and python_version != '3.1.*'",
            "version": "==1.4.0"
        },
        "pyjwt": {
            "hashes": [
                "sha256:30b1380ff43b55441283cc2b2676b755cca45693ae3097325dea01f3d110628c",
                "sha256:4ee413b357d53fd3fb44704577afac88e72e878716116270d722723d65b42176"
            ],
            "index": "pypi",
            "version": "==1.6.4"
        },
        "pyopenssl": {
            "hashes": [
                "sha256:26ff56a6b5ecaf3a2a59f132681e2a80afcc76b4f902f612f518f92c2a1bf854",
                "sha256:6488f1423b00f73b7ad5167885312bb0ce410d3312eb212393795b53c8caa580"
            ],
            "version": "==18.0.0"
        },
        "pytoml": {
            "hashes": [
                "sha256:dae3c4e31d09eb06a6076d671f2281ee5d2c43cbeae16599c3af20881bb818ac"
            ],
            "version": "==0.1.18"
        },
        "quart": {
            "hashes": [
                "sha256:349e4c39519fd4feff366c5acca606d33c2a024de43eb6364bfaa7cf54796d4b",
                "sha256:850b6cacaf02689c615f71fd7f4cebcf8d41f3fa4c7cb86f4d234734006ea24a"
            ],
            "index": "pypi",
            "version": "==0.6.6"
        },
        "quart-cors": {
            "hashes": [
                "sha256:8727d56c91c8056b605cfd63774c9953215d955604a2a59fa23d1187b3a8728f",
                "sha256:e66ea9a371d58356277ef1661fdcc8c25e796b5a269c4493d59472a18aa8ba32"
            ],
            "index": "pypi",
            "version": "==0.1.0"
        },
        "requests": {
            "hashes": [
                "sha256:63b52e3c866428a224f97cab011de738c36aec0185aa91cfacd418b5d58911d1",
                "sha256:ec22d826a36ed72a7358ff3fe56cbd4ba69dd7a6718ffd450ff0e9df7a47ce6a"
            ],
            "index": "pypi",
            "version": "==2.19.1"
        },
        "six": {
            "hashes": [
                "sha256:70e8a77beed4562e7f14fe23a786b54f6296e34344c23bc42f07b15018ff98e9",
                "sha256:832dc0e10feb1aa2c68dcc57dbb658f1c7e65b9b61af69048abc87a2db00a0eb"
            ],
            "version": "==1.11.0"
        },
        "sortedcontainers": {
            "hashes": [
                "sha256:607294c6e291a270948420f7ffa1fb3ed47384a4c08db6d1e9c92d08a6981982",
                "sha256:ef38b128302ee8f65d81e31c9d8fbf10d81df4d6d06c9c0b66f01d33747525bb"
            ],
            "version": "==2.0.4"
        },
        "typing-extensions": {
            "hashes": [
                "sha256:1c0a8e3b4ce55207a03dd0dcb98bc47a704c71f14fe4311ec860cc8af8f4bd27",
                "sha256:8b0962ecb92847974514b1724c8ae2b6dd1ffe86bcdfac429517f5e583ada658",
                "sha256:be7b05ddab71727fabf1f071365043cf034e4cdac9cade1f1d61a6cc526aaafe"
            ],
            "version": "==3.6.5"
        },
        "urllib3": {
            "hashes": [
                "sha256:a68ac5e15e76e7e5dd2b8f94007233e01effe3e50e8daddf69acfd81cb686baf",
                "sha256:b5725a0bd4ba422ab0e66e89e030c806576753ea3ee08554382c14e685d117b5"
            ],
            "markers": "python_version < '4' and python_version != '3.0.*' and python_version != '3.2.*' and python_version != '3.3.*' and python_version >= '2.6' and python_version != '3.1.*'",
            "version": "==1.23"
        },
        "werkzeug": {
            "hashes": [
                "sha256:c3fd7a7d41976d9f44db327260e263132466836cef6f91512889ed60ad26557c",
                "sha256:d5da73735293558eb1651ee2fddc4d0dedcfa06538b8813a2e20011583c9e49b"
            ],
            "index": "pypi",
            "version": "==0.14.1"
        },
        "wsproto": {
            "hashes": [
                "sha256:02f214f6bb43cda62a511e2e8f1d5fa4703ed83d376d18d042bd2bbf2e995824",
                "sha256:d2a7f718ab3144ec956a3267d57b5c172f0668827f5803e7d670837b0125b9fa"
            ],
            "version": "==0.11.0"
        }
    },
    "develop": {
        "atomicwrites": {
            "hashes": [
                "sha256:0312ad34fcad8fac3704d441f7b317e50af620823353ec657a53e981f92920c0",
                "sha256:ec9ae8adaae229e4f8446952d204a3e4b5fdd2d099f9be3aaf556120135fb3ee"
            ],
            "markers": "python_version >= '2.7' and python_version != '3.1.*' and python_version != '3.3.*' and python_version != '3.0.*' and python_version != '3.2.*'",
            "version": "==1.2.1"
        },
        "attrs": {
            "hashes": [
                "sha256:10cbf6e27dbce8c30807caf056c8eb50917e0eaafe86347671b57254006c3e69",
                "sha256:ca4be454458f9dec299268d472aaa5a11f67a4ff70093396e1ceae9c76cf4bbb"
            ],
            "version": "==18.2.0"
        },
        "certifi": {
            "hashes": [
                "sha256:376690d6f16d32f9d1fe8932551d80b23e9d393a8578c5633a2ed39a64861638",
                "sha256:456048c7e371c089d0a77a5212fb37a2c2dce1e24146e3b7e0261736aaeaa22a"
            ],
            "version": "==2018.8.24"
        },
        "chardet": {
            "hashes": [
                "sha256:84ab92ed1c4d4f16916e05906b6b75a6c0fb5db821cc65e70cbd64a3e2a5eaae",
                "sha256:fc323ffcaeaed0e0a02bf4d117757b98aed530d9ed4531e3e15460124c106691"
            ],
            "version": "==3.0.4"
        },
        "chartpress": {
            "hashes": [
                "sha256:0a71a269535c5ef029fa71c37235e8ee61b07754eecf8b7ba71c50d29460b2e6",
                "sha256:3022648a9d15fa3f40dc93d16ab5e17a88943758b9a4c4e0f9ee8a9b84501659"
            ],
            "index": "pypi",
            "version": "==0.2.2"
        },
        "cookies": {
            "hashes": [
                "sha256:15bee753002dff684987b8df8c235288eb8d45f8191ae056254812dfd42c81d3",
                "sha256:d6b698788cae4cfa4e62ef8643a9ca332b79bd96cb314294b864ae8d7eb3ee8e"
            ],
            "version": "==2.2.1"
        },
        "idna": {
            "hashes": [
                "sha256:156a6814fb5ac1fc6850fb002e0852d56c0c8d2531923a51032d1b70760e186e",
                "sha256:684a38a6f903c1d71d6d5fac066b58d7768af4de2b832e426ec79c30daa94a16"
            ],
            "version": "==2.7"
        },
        "more-itertools": {
            "hashes": [
                "sha256:c187a73da93e7a8acc0001572aebc7e3c69daf7bf6881a2cea10650bd4420092",
                "sha256:c476b5d3a34e12d40130bc2f935028b5f636df8f372dc2c1c01dc19681b2039e",
                "sha256:fcbfeaea0be121980e15bc97b3817b5202ca73d0eae185b4550cbfce2a3ebb3d"
            ],
            "version": "==4.3.0"
        },
        "nose": {
            "hashes": [
                "sha256:9ff7c6cc443f8c51994b34a667bbcf45afd6d945be7477b52e97516fd17c53ac",
                "sha256:dadcddc0aefbf99eea214e0f1232b94f2fa9bd98fa8353711dacb112bfcbbb2a",
                "sha256:f1bffef9cbc82628f6e7d7b40d7e255aefaa1adb6a1b1d26c69a8b79e6208a98"
            ],
            "index": "pypi",
            "version": "==1.3.7"
        },
        "pluggy": {
            "hashes": [
                "sha256:6e3836e39f4d36ae72840833db137f7b7d35105079aee6ec4a62d9f80d594dd1",
                "sha256:95eb8364a4708392bae89035f45341871286a333f749c3141c20573d2b3876e1"
            ],
            "markers": "python_version >= '2.7' and python_version != '3.1.*' and python_version != '3.3.*' and python_version != '3.0.*' and python_version != '3.2.*'",
            "version": "==0.7.1"
        },
        "py": {
            "hashes": [
                "sha256:06a30435d058473046be836d3fc4f27167fd84c45b99704f2fb5509ef61f9af1",
                "sha256:50402e9d1c9005d759426988a492e0edaadb7f4e68bcddfea586bc7432d009c6"
            ],
            "markers": "python_version >= '2.7' and python_version != '3.1.*' and python_version != '3.3.*' and python_version != '3.0.*' and python_version != '3.2.*'",
            "version": "==1.6.0"
        },
        "pytest": {
            "hashes": [
                "sha256:2d7c49e931316cc7d1638a3e5f54f5d7b4e5225972b3c9838f3584788d27f349",
                "sha256:ad0c7db7b5d4081631e0155f5c61b80ad76ce148551aaafe3a718d65a7508b18"
            ],
            "index": "pypi",
            "version": "==3.7.4"
        },
        "pytest-asyncio": {
            "hashes": [
                "sha256:a962e8e1b6ec28648c8fe214edab4e16bacdb37b52df26eb9d63050af309b2a9",
                "sha256:fbd92c067c16111174a1286bfb253660f1e564e5146b39eeed1133315cf2c2cf"
            ],
            "version": "==0.9.0"
        },
        "requests": {
            "hashes": [
                "sha256:63b52e3c866428a224f97cab011de738c36aec0185aa91cfacd418b5d58911d1",
                "sha256:ec22d826a36ed72a7358ff3fe56cbd4ba69dd7a6718ffd450ff0e9df7a47ce6a"
            ],
            "index": "pypi",
            "version": "==2.19.1"
        },
        "responses": {
            "hashes": [
                "sha256:c6082710f4abfb60793899ca5f21e7ceb25aabf321560cc0726f8b59006811c9",
                "sha256:f23a29dca18b815d9d64a516b4a0abb1fbdccff6141d988ad8100facb81cf7b3"
            ],
            "index": "pypi",
            "version": "==0.9.0"
        },
        "ruamel.yaml": {
            "hashes": [
                "sha256:36f26a9788f005b70e5f8dd4b42588032f3290884955a19ea21339dd7a2a91bd",
                "sha256:37dc87cd78bb6160606dfbd2b015015cf1441872133950ecb4a837a90d694670",
                "sha256:3a2ae6ac6f1cd7e26dd1c7a5249080ff269a903e43c237e575239bc42c85d65c",
                "sha256:42765a674a5ab4dd7bd6de837c93f2911f6114bb040a07a71379b1577b3b2e36",
                "sha256:57f7578af7a71a562d64f78c4a72589d55d471650c19f0fc54e0d2e6c7e5f1f5",
                "sha256:66692fc9608c3d7002d5502dea45d3c81fb6158781f65de4d984af41a2e800c8",
                "sha256:6719c43f0fb41436759823a7c01258152d18e5f8368e89cd5b1eda5e03734403",
                "sha256:6cc5d81f3dac5bf0d387df68dd973bee80ded42f1f83474e59e948450646a805",
                "sha256:7a42648c994e99a0b59237f1c10eafeb08475db09ecabf92cd1176693782cd23",
                "sha256:7d276cfbbf2a373d6cd02263509b1435ecb7725143a7d3e0bf627f9f3de39bc7",
                "sha256:8bd4c97e44514f1d977576799fdd8e8f2b2654a4cd52c0d91c8b7e1c6bcea9ed",
                "sha256:aa0ca65adf6dfb511e1de9adb04d64a65b7bf2cc007cd942caaa9a004b43dfeb",
                "sha256:aec20e594f604f13e6bd44fff42bfa865ff04b22e93722fc4f744a97bb0bc9cf",
                "sha256:aef5a5816680f4c77f872f7f805bbbafc813e9c9cb3405cc9b7507c1680fe7d3",
                "sha256:b7fbb5574c8e87e5acc4cb201ca84a1cfb8b967543dd7861fb20743977ea0701",
                "sha256:cdce01701ad52a3771393db7feac7d41caa083ba683bd3f16f6647347cab2387",
                "sha256:ebbb6527bf12df4835cf7ab001736ba7af657cbf8814354e36e0b8267fb433ca",
                "sha256:f1c55e2422ff879dbc6751fbd05a38455a7f870351afff29bcc38df336c3b86c",
                "sha256:f6c372edc30b25b884b4bd7556c4eb5b426516e44bf5856601ec5642ffa36905",
                "sha256:f9e07c9ba68a94e8b075e1ecf004c211db864246fc65ddf66976b38e82a5242b",
                "sha256:fa77530ae18c8e4f1b6596eb77a1cdcbac16f400ef6b48ada0c803533deb5c60",
                "sha256:fae2d856c8542a5b5684f1c8f36c538a965068dda39d25a3a82373f05fcf2983"
            ],
            "version": "==0.15.64"
        },
        "six": {
            "hashes": [
                "sha256:70e8a77beed4562e7f14fe23a786b54f6296e34344c23bc42f07b15018ff98e9",
                "sha256:832dc0e10feb1aa2c68dcc57dbb658f1c7e65b9b61af69048abc87a2db00a0eb"
            ],
            "version": "==1.11.0"
        },
        "urllib3": {
            "hashes": [
                "sha256:a68ac5e15e76e7e5dd2b8f94007233e01effe3e50e8daddf69acfd81cb686baf",
                "sha256:b5725a0bd4ba422ab0e66e89e030c806576753ea3ee08554382c14e685d117b5"
            ],
            "markers": "python_version < '4' and python_version != '3.0.*' and python_version != '3.2.*' and python_version != '3.3.*' and python_version >= '2.6' and python_version != '3.1.*'",
            "version": "==1.23"
        }
    }
}
